
Microsoft Visual Studio Solution File, Format Version 12.00
# Visual Studio Version 17
VisualStudioVersion = 17.6.33723.286
MinimumVisualStudioVersion = 10.0.40219.1
Project("{FAE04EC0-301F-11D3-BF4B-00C04F79EFBC}") = "EngineeringProject", "EngineeringProject.csproj", "{44338DF5-F9DA-47FF-A738-9BB85BEE270A}"
EndProject
Global
	GlobalSection(SolutionConfigurationPlatforms) = preSolution
		Debug|Any CPU = Debug|Any CPU
		Release|Any CPU = Release|Any CPU
	EndGlobalSection
	GlobalSection(ProjectConfigurationPlatforms) = postSolution
		{44338DF5-F9DA-47FF-A738-9BB85BEE270A}.Debug|Any CPU.ActiveCfg = Debug|Any CPU
		{44338DF5-F9DA-47FF-A738-9BB85BEE270A}.Debug|Any CPU.Build.0 = Debug|Any CPU
		{44338DF5-F9DA-47FF-A738-9BB85BEE270A}.Release|Any CPU.ActiveCfg = Release|Any CPU
		{44338DF5-F9DA-47FF-A738-9BB85BEE270A}.Release|Any CPU.Build.0 = Release|Any CPU
	EndGlobalSection
	GlobalSection(SolutionProperties) = preSolution
		HideSolutionNode = FALSE
	EndGlobalSection
	GlobalSection(ExtensibilityGlobals) = postSolution
		SolutionGuid = {18A92E9D-0BF7-4AB3-BC09-6FC1DC060DBC}
	EndGlobalSection
EndGlobal
